// !$*UTF8*$!
{
	archiveVersion = 1;
	classes = {
	};
	objectVersion = 46;
	objects = {

/* Begin PBXBuildFile section */
		084F7ACE1B81C64B001529DA /* AppDelegate.swift in Sources */ = {isa = PBXBuildFile; fileRef = 084F7ACD1B81C64B001529DA /* AppDelegate.swift */; };
		084F7AD01B81C64B001529DA /* ViewController.swift in Sources */ = {isa = PBXBuildFile; fileRef = 084F7ACF1B81C64B001529DA /* ViewController.swift */; };
		084F7AD31B81C64B001529DA /* Main.storyboard in Resources */ = {isa = PBXBuildFile; fileRef = 084F7AD11B81C64B001529DA /* Main.storyboard */; };
		084F7AD51B81C64B001529DA /* Images.xcassets in Resources */ = {isa = PBXBuildFile; fileRef = 084F7AD41B81C64B001529DA /* Images.xcassets */; };
		084F7AD81B81C64B001529DA /* LaunchScreen.xib in Resources */ = {isa = PBXBuildFile; fileRef = 084F7AD61B81C64B001529DA /* LaunchScreen.xib */; };
		084F7AE41B81C64B001529DA /* LunchAppTests.swift in Sources */ = {isa = PBXBuildFile; fileRef = 084F7AE31B81C64B001529DA /* LunchAppTests.swift */; };
		084F7AF81B81D35F001529DA /* MenuNavCollectionDataSource.swift in Sources */ = {isa = PBXBuildFile; fileRef = 084F7AF71B81D35F001529DA /* MenuNavCollectionDataSource.swift */; };
		084F7AFD1B81F3AF001529DA /* MenuNavCollectionCell.swift in Sources */ = {isa = PBXBuildFile; fileRef = 084F7AFC1B81F3AF001529DA /* MenuNavCollectionCell.swift */; };
		084F7AFF1B81F6F3001529DA /* SettingConfig.swift in Sources */ = {isa = PBXBuildFile; fileRef = 084F7AFE1B81F6F3001529DA /* SettingConfig.swift */; };
		084F7B011B821447001529DA /* MenuNavCollectionView.swift in Sources */ = {isa = PBXBuildFile; fileRef = 084F7B001B821447001529DA /* MenuNavCollectionView.swift */; };
		084F7B031B82F26B001529DA /* ContentCollectionView.swift in Sources */ = {isa = PBXBuildFile; fileRef = 084F7B021B82F26B001529DA /* ContentCollectionView.swift */; };
		084F7B051B82F2DE001529DA /* ContentCollectionDataSource.swift in Sources */ = {isa = PBXBuildFile; fileRef = 084F7B041B82F2DE001529DA /* ContentCollectionDataSource.swift */; };
		084F7B071B82F374001529DA /* ContentCollectionCell.swift in Sources */ = {isa = PBXBuildFile; fileRef = 084F7B061B82F374001529DA /* ContentCollectionCell.swift */; };
		084F7B0D1B82F633001529DA /* ContentCollectionCell.xib in Resources */ = {isa = PBXBuildFile; fileRef = 084F7B0B1B82F633001529DA /* ContentCollectionCell.xib */; };
		08D064431B841F3E00BAE9A1 /* DetailViewController.swift in Sources */ = {isa = PBXBuildFile; fileRef = 08D064421B841F3E00BAE9A1 /* DetailViewController.swift */; };
		08DDE3711B83FC8F0005F143 /* Detail.storyboard in Resources */ = {isa = PBXBuildFile; fileRef = 08DDE3701B83FC8F0005F143 /* Detail.storyboard */; };
/* End PBXBuildFile section */

/* Begin PBXContainerItemProxy section */
		084F7ADE1B81C64B001529DA /* PBXContainerItemProxy */ = {
			isa = PBXContainerItemProxy;
			containerPortal = 084F7AC01B81C64B001529DA /* Project object */;
			proxyType = 1;
			remoteGlobalIDString = 084F7AC71B81C64B001529DA;
			remoteInfo = LunchApp;
		};
/* End PBXContainerItemProxy section */

/* Begin PBXFileReference section */
		084F7AC81B81C64B001529DA /* LunchApp.app */ = {isa = PBXFileReference; explicitFileType = wrapper.application; includeInIndex = 0; path = LunchApp.app; sourceTree = BUILT_PRODUCTS_DIR; };
		084F7ACC1B81C64B001529DA /* Info.plist */ = {isa = PBXFileReference; lastKnownFileType = text.plist.xml; path = Info.plist; sourceTree = "<group>"; };
		084F7ACD1B81C64B001529DA /* AppDelegate.swift */ = {isa = PBXFileReference; lastKnownFileType = sourcecode.swift; path = AppDelegate.swift; sourceTree = "<group>"; };
		084F7ACF1B81C64B001529DA /* ViewController.swift */ = {isa = PBXFileReference; lastKnownFileType = sourcecode.swift; path = ViewController.swift; sourceTree = "<group>"; };
		084F7AD21B81C64B001529DA /* Base */ = {isa = PBXFileReference; lastKnownFileType = file.storyboard; name = Base; path = Base.lproj/Main.storyboard; sourceTree = "<group>"; };
		084F7AD41B81C64B001529DA /* Images.xcassets */ = {isa = PBXFileReference; lastKnownFileType = folder.assetcatalog; path = Images.xcassets; sourceTree = "<group>"; };
		084F7AD71B81C64B001529DA /* Base */ = {isa = PBXFileReference; lastKnownFileType = file.xib; name = Base; path = Base.lproj/LaunchScreen.xib; sourceTree = "<group>"; };
		084F7ADD1B81C64B001529DA /* LunchAppTests.xctest */ = {isa = PBXFileReference; explicitFileType = wrapper.cfbundle; includeInIndex = 0; path = LunchAppTests.xctest; sourceTree = BUILT_PRODUCTS_DIR; };
		084F7AE21B81C64B001529DA /* Info.plist */ = {isa = PBXFileReference; lastKnownFileType = text.plist.xml; path = Info.plist; sourceTree = "<group>"; };
		084F7AE31B81C64B001529DA /* LunchAppTests.swift */ = {isa = PBXFileReference; lastKnownFileType = sourcecode.swift; path = LunchAppTests.swift; sourceTree = "<group>"; };
		084F7AF71B81D35F001529DA /* MenuNavCollectionDataSource.swift */ = {isa = PBXFileReference; fileEncoding = 4; lastKnownFileType = sourcecode.swift; path = MenuNavCollectionDataSource.swift; sourceTree = "<group>"; };
		084F7AFC1B81F3AF001529DA /* MenuNavCollectionCell.swift */ = {isa = PBXFileReference; fileEncoding = 4; lastKnownFileType = sourcecode.swift; path = MenuNavCollectionCell.swift; sourceTree = "<group>"; };
		084F7AFE1B81F6F3001529DA /* SettingConfig.swift */ = {isa = PBXFileReference; fileEncoding = 4; lastKnownFileType = sourcecode.swift; path = SettingConfig.swift; sourceTree = "<group>"; };
		084F7B001B821447001529DA /* MenuNavCollectionView.swift */ = {isa = PBXFileReference; fileEncoding = 4; lastKnownFileType = sourcecode.swift; path = MenuNavCollectionView.swift; sourceTree = "<group>"; };
		084F7B021B82F26B001529DA /* ContentCollectionView.swift */ = {isa = PBXFileReference; fileEncoding = 4; lastKnownFileType = sourcecode.swift; path = ContentCollectionView.swift; sourceTree = "<group>"; };
		084F7B041B82F2DE001529DA /* ContentCollectionDataSource.swift */ = {isa = PBXFileReference; fileEncoding = 4; lastKnownFileType = sourcecode.swift; path = ContentCollectionDataSource.swift; sourceTree = "<group>"; };
		084F7B061B82F374001529DA /* ContentCollectionCell.swift */ = {isa = PBXFileReference; fileEncoding = 4; lastKnownFileType = sourcecode.swift; path = ContentCollectionCell.swift; sourceTree = "<group>"; };
		084F7B0B1B82F633001529DA /* ContentCollectionCell.xib */ = {isa = PBXFileReference; fileEncoding = 4; lastKnownFileType = file.xib; path = ContentCollectionCell.xib; sourceTree = "<group>"; };
		08D064421B841F3E00BAE9A1 /* DetailViewController.swift */ = {isa = PBXFileReference; fileEncoding = 4; lastKnownFileType = sourcecode.swift; path = DetailViewController.swift; sourceTree = "<group>"; };
		08DDE3701B83FC8F0005F143 /* Detail.storyboard */ = {isa = PBXFileReference; fileEncoding = 4; lastKnownFileType = file.storyboard; path = Detail.storyboard; sourceTree = "<group>"; };
/* End PBXFileReference section */

/* Begin PBXFrameworksBuildPhase section */
		084F7AC51B81C64B001529DA /* Frameworks */ = {
			isa = PBXFrameworksBuildPhase;
			buildActionMask = 2147483647;
			files = (
			);
			runOnlyForDeploymentPostprocessing = 0;
		};
		084F7ADA1B81C64B001529DA /* Frameworks */ = {
			isa = PBXFrameworksBuildPhase;
			buildActionMask = 2147483647;
			files = (
			);
			runOnlyForDeploymentPostprocessing = 0;
		};
/* End PBXFrameworksBuildPhase section */

/* Begin PBXGroup section */
		084F7ABF1B81C64B001529DA = {
			isa = PBXGroup;
			children = (
				084F7ACA1B81C64B001529DA /* LunchApp */,
				084F7AE01B81C64B001529DA /* LunchAppTests */,
				084F7AC91B81C64B001529DA /* Products */,
			);
			sourceTree = "<group>";
		};
		084F7AC91B81C64B001529DA /* Products */ = {
			isa = PBXGroup;
			children = (
				084F7AC81B81C64B001529DA /* LunchApp.app */,
				084F7ADD1B81C64B001529DA /* LunchAppTests.xctest */,
			);
			name = Products;
			sourceTree = "<group>";
		};
		084F7ACA1B81C64B001529DA /* LunchApp */ = {
			isa = PBXGroup;
			children = (
				084F7AF21B81CBE4001529DA /* Sources */,
				084F7AF31B81CC03001529DA /* Resources */,
				084F7ACB1B81C64B001529DA /* Supporting Files */,
			);
			path = LunchApp;
			sourceTree = "<group>";
		};
		084F7ACB1B81C64B001529DA /* Supporting Files */ = {
			isa = PBXGroup;
			children = (
				084F7ACC1B81C64B001529DA /* Info.plist */,
			);
			name = "Supporting Files";
			sourceTree = "<group>";
		};
		084F7AE01B81C64B001529DA /* LunchAppTests */ = {
			isa = PBXGroup;
			children = (
				084F7AE31B81C64B001529DA /* LunchAppTests.swift */,
				084F7AE11B81C64B001529DA /* Supporting Files */,
			);
			path = LunchAppTests;
			sourceTree = "<group>";
		};
		084F7AE11B81C64B001529DA /* Supporting Files */ = {
			isa = PBXGroup;
			children = (
				084F7AE21B81C64B001529DA /* Info.plist */,
			);
			name = "Supporting Files";
			sourceTree = "<group>";
		};
		084F7AED1B81C810001529DA /* Model */ = {
			isa = PBXGroup;
			children = (
				084F7ACD1B81C64B001529DA /* AppDelegate.swift */,
				084F7AFE1B81F6F3001529DA /* SettingConfig.swift */,
				084F7AFB1B81F284001529DA /* MainScreen */,
			);
			name = Model;
			sourceTree = "<group>";
		};
		084F7AEE1B81C82C001529DA /* Views */ = {
			isa = PBXGroup;
			children = (
				084F7AF51B81CC62001529DA /* Main */,
				084F7AF61B81CC67001529DA /* Detail */,
			);
			name = Views;
			sourceTree = "<group>";
		};
		084F7AF01B81CB5F001529DA /* Controllers */ = {
			isa = PBXGroup;
			children = (
				084F7ACF1B81C64B001529DA /* ViewController.swift */,
				08D064421B841F3E00BAE9A1 /* DetailViewController.swift */,
			);
			name = Controllers;
			sourceTree = "<group>";
		};
		084F7AF21B81CBE4001529DA /* Sources */ = {
			isa = PBXGroup;
			children = (
				084F7AED1B81C810001529DA /* Model */,
				084F7AEE1B81C82C001529DA /* Views */,
				084F7AF01B81CB5F001529DA /* Controllers */,
			);
			name = Sources;
			sourceTree = "<group>";
		};
		084F7AF31B81CC03001529DA /* Resources */ = {
			isa = PBXGroup;
			children = (
				084F7AD41B81C64B001529DA /* Images.xcassets */,
				084F7AD61B81C64B001529DA /* LaunchScreen.xib */,
			);
			name = Resources;
			sourceTree = "<group>";
		};
		084F7AF51B81CC62001529DA /* Main */ = {
			isa = PBXGroup;
			children = (
				084F7AD11B81C64B001529DA /* Main.storyboard */,
				084F7B0E1B82F670001529DA /* MenuNavCollection */,
				084F7B0F1B82F68B001529DA /* ContentTableCollection */,
			);
			name = Main;
			sourceTree = "<group>";
		};
		084F7AF61B81CC67001529DA /* Detail */ = {
			isa = PBXGroup;
			children = (
				08DDE3701B83FC8F0005F143 /* Detail.storyboard */,
			);
			name = Detail;
			sourceTree = "<group>";
		};
		084F7AFB1B81F284001529DA /* MainScreen */ = {
			isa = PBXGroup;
			children = (
				084F7AF71B81D35F001529DA /* MenuNavCollectionDataSource.swift */,
				084F7B041B82F2DE001529DA /* ContentCollectionDataSource.swift */,
			);
			name = MainScreen;
			sourceTree = "<group>";
		};
		084F7B0E1B82F670001529DA /* MenuNavCollection */ = {
			isa = PBXGroup;
			children = (
				084F7B001B821447001529DA /* MenuNavCollectionView.swift */,
				084F7AFC1B81F3AF001529DA /* MenuNavCollectionCell.swift */,
			);
			name = MenuNavCollection;
			sourceTree = "<group>";
		};
		084F7B0F1B82F68B001529DA /* ContentTableCollection */ = {
			isa = PBXGroup;
			children = (
				084F7B021B82F26B001529DA /* ContentCollectionView.swift */,
				084F7B061B82F374001529DA /* ContentCollectionCell.swift */,
				084F7B0B1B82F633001529DA /* ContentCollectionCell.xib */,
			);
			name = ContentTableCollection;
			sourceTree = "<group>";
		};
/* End PBXGroup section */

/* Begin PBXNativeTarget section */
		084F7AC71B81C64B001529DA /* LunchApp */ = {
			isa = PBXNativeTarget;
			buildConfigurationList = 084F7AE71B81C64B001529DA /* Build configuration list for PBXNativeTarget "LunchApp" */;
			buildPhases = (
				084F7AC41B81C64B001529DA /* Sources */,
				084F7AC51B81C64B001529DA /* Frameworks */,
				084F7AC61B81C64B001529DA /* Resources */,
			);
			buildRules = (
			);
			dependencies = (
			);
			name = LunchApp;
			productName = LunchApp;
			productReference = 084F7AC81B81C64B001529DA /* LunchApp.app */;
			productType = "com.apple.product-type.application";
		};
		084F7ADC1B81C64B001529DA /* LunchAppTests */ = {
			isa = PBXNativeTarget;
			buildConfigurationList = 084F7AEA1B81C64B001529DA /* Build configuration list for PBXNativeTarget "LunchAppTests" */;
			buildPhases = (
				084F7AD91B81C64B001529DA /* Sources */,
				084F7ADA1B81C64B001529DA /* Frameworks */,
				084F7ADB1B81C64B001529DA /* Resources */,
			);
			buildRules = (
			);
			dependencies = (
				084F7ADF1B81C64B001529DA /* PBXTargetDependency */,
			);
			name = LunchAppTests;
			productName = LunchAppTests;
			productReference = 084F7ADD1B81C64B001529DA /* LunchAppTests.xctest */;
			productType = "com.apple.product-type.bundle.unit-test";
		};
/* End PBXNativeTarget section */

/* Begin PBXProject section */
		084F7AC01B81C64B001529DA /* Project object */ = {
			isa = PBXProject;
			attributes = {
				LastUpgradeCheck = 0630;
				ORGANIZATIONNAME = byGeek01;
				TargetAttributes = {
					084F7AC71B81C64B001529DA = {
						CreatedOnToolsVersion = 6.3.2;
					};
					084F7ADC1B81C64B001529DA = {
						CreatedOnToolsVersion = 6.3.2;
						TestTargetID = 084F7AC71B81C64B001529DA;
					};
				};
			};
			buildConfigurationList = 084F7AC31B81C64B001529DA /* Build configuration list for PBXProject "LunchApp" */;
			compatibilityVersion = "Xcode 3.2";
			developmentRegion = English;
			hasScannedForEncodings = 0;
			knownRegions = (
				en,
				Base,
			);
			mainGroup = 084F7ABF1B81C64B001529DA;
			productRefGroup = 084F7AC91B81C64B001529DA /* Products */;
			projectDirPath = "";
			projectRoot = "";
			targets = (
				084F7AC71B81C64B001529DA /* LunchApp */,
				084F7ADC1B81C64B001529DA /* LunchAppTests */,
			);
		};
/* End PBXProject section */

/* Begin PBXResourcesBuildPhase section */
		084F7AC61B81C64B001529DA /* Resources */ = {
			isa = PBXResourcesBuildPhase;
			buildActionMask = 2147483647;
			files = (
				084F7AD31B81C64B001529DA /* Main.storyboard in Resources */,
				084F7AD81B81C64B001529DA /* LaunchScreen.xib in Resources */,
				084F7AD51B81C64B001529DA /* Images.xcassets in Resources */,
				08DDE3711B83FC8F0005F143 /* Detail.storyboard in Resources */,
				084F7B0D1B82F633001529DA /* ContentCollectionCell.xib in Resources */,
			);
			runOnlyForDeploymentPostprocessing = 0;
		};
		084F7ADB1B81C64B001529DA /* Resources */ = {
			isa = PBXResourcesBuildPhase;
			buildActionMask = 2147483647;
			files = (
			);
			runOnlyForDeploymentPostprocessing = 0;
		};
/* End PBXResourcesBuildPhase section */

/* Begin PBXSourcesBuildPhase section */
		084F7AC41B81C64B001529DA /* Sources */ = {
			isa = PBXSourcesBuildPhase;
			buildActionMask = 2147483647;
			files = (
				084F7AFF1B81F6F3001529DA /* SettingConfig.swift in Sources */,
				084F7B011B821447001529DA /* MenuNavCollectionView.swift in Sources */,
				084F7B071B82F374001529DA /* ContentCollectionCell.swift in Sources */,
				084F7AFD1B81F3AF001529DA /* MenuNavCollectionCell.swift in Sources */,
				084F7B051B82F2DE001529DA /* ContentCollectionDataSource.swift in Sources */,
				084F7AF81B81D35F001529DA /* MenuNavCollectionDataSource.swift in Sources */,
				084F7AD01B81C64B001529DA /* ViewController.swift in Sources */,
				08D064431B841F3E00BAE9A1 /* DetailViewController.swift in Sources */,
				084F7ACE1B81C64B001529DA /* AppDelegate.swift in Sources */,
				084F7B031B82F26B001529DA /* ContentCollectionView.swift in Sources */,
			);
			runOnlyForDeploymentPostprocessing = 0;
		};
		084F7AD91B81C64B001529DA /* Sources */ = {
			isa = PBXSourcesBuildPhase;
			buildActionMask = 2147483647;
			files = (
				084F7AE41B81C64B001529DA /* LunchAppTests.swift in Sources */,
			);
			runOnlyForDeploymentPostprocessing = 0;
		};
/* End PBXSourcesBuildPhase section */

/* Begin PBXTargetDependency section */
		084F7ADF1B81C64B001529DA /* PBXTargetDependency */ = {
			isa = PBXTargetDependency;
			target = 084F7AC71B81C64B001529DA /* LunchApp */;
			targetProxy = 084F7ADE1B81C64B001529DA /* PBXContainerItemProxy */;
		};
/* End PBXTargetDependency section */

/* Begin PBXVariantGroup section */
		084F7AD11B81C64B001529DA /* Main.storyboard */ = {
			isa = PBXVariantGroup;
			children = (
				084F7AD21B81C64B001529DA /* Base */,
			);
			name = Main.storyboard;
			sourceTree = "<group>";
		};
		084F7AD61B81C64B001529DA /* LaunchScreen.xib */ = {
			isa = PBXVariantGroup;
			children = (
				084F7AD71B81C64B001529DA /* Base */,
			);
			name = LaunchScreen.xib;
			sourceTree = "<group>";
		};
/* End PBXVariantGroup section */

/* Begin XCBuildConfiguration section */
		084F7AE51B81C64B001529DA /* Debug */ = {
			isa = XCBuildConfiguration;
			buildSettings = {
				ALWAYS_SEARCH_USER_PATHS = NO;
				CLANG_CXX_LANGUAGE_STANDARD = "gnu++0x";
				CLANG_CXX_LIBRARY = "libc++";
				CLANG_ENABLE_MODULES = YES;
				CLANG_ENABLE_OBJC_ARC = YES;
				CLANG_WARN_BOOL_CONVERSION = YES;
				CLANG_WARN_CONSTANT_CONVERSION = YES;
				CLANG_WARN_DIRECT_OBJC_ISA_USAGE = YES_ERROR;
				CLANG_WARN_EMPTY_BODY = YES;
				CLANG_WARN_ENUM_CONVERSION = YES;
				CLANG_WARN_INT_CONVERSION = YES;
				CLANG_WARN_OBJC_ROOT_CLASS = YES_ERROR;
				CLANG_WARN_UNREACHABLE_CODE = YES;
				CLANG_WARN__DUPLICATE_METHOD_MATCH = YES;
				"CODE_SIGN_IDENTITY[sdk=iphoneos*]" = "iPhone Developer";
				COPY_PHASE_STRIP = NO;
				DEBUG_INFORMATION_FORMAT = "dwarf-with-dsym";
				ENABLE_STRICT_OBJC_MSGSEND = YES;
				GCC_C_LANGUAGE_STANDARD = gnu99;
				GCC_DYNAMIC_NO_PIC = NO;
				GCC_NO_COMMON_BLOCKS = YES;
				GCC_OPTIMIZATION_LEVEL = 0;
				GCC_PREPROCESSOR_DEFINITIONS = (
					"DEBUG=1",
					"$(inherited)",
				);
				GCC_SYMBOLS_PRIVATE_EXTERN = NO;
				GCC_WARN_64_TO_32_BIT_CONVERSION = YES;
				GCC_WARN_ABOUT_RETURN_TYPE = YES_ERROR;
				GCC_WARN_UNDECLARED_SELECTOR = YES;
				GCC_WARN_UNINITIALIZED_AUTOS = YES_AGGRESSIVE;
				GCC_WARN_UNUSED_FUNCTION = YES;
				GCC_WARN_UNUSED_VARIABLE = YES;
				IPHONEOS_DEPLOYMENT_TARGET = 8.3;
				MTL_ENABLE_DEBUG_INFO = YES;
				ONLY_ACTIVE_ARCH = YES;
				SDKROOT = iphoneos;
				SWIFT_OPTIMIZATION_LEVEL = "-Onone";
			};
			name = Debug;
		};
		084F7AE61B81C64B001529DA /* Release */ = {
			isa = XCBuildConfiguration;
			buildSettings = {
				ALWAYS_SEARCH_USER_PATHS = NO;
				CLANG_CXX_LANGUAGE_STANDARD = "gnu++0x";
				CLANG_CXX_LIBRARY = "libc++";
				CLANG_ENABLE_MODULES = YES;
				CLANG_ENABLE_OBJC_ARC = YES;
				CLANG_WARN_BOOL_CONVERSION = YES;
				CLANG_WARN_CONSTANT_CONVERSION = YES;
				CLANG_WARN_DIRECT_OBJC_ISA_USAGE = YES_ERROR;
				CLANG_WARN_EMPTY_BODY = YES;
				CLANG_WARN_ENUM_CONVERSION = YES;
				CLANG_WARN_INT_CONVERSION = YES;
				CLANG_WARN_OBJC_ROOT_CLASS = YES_ERROR;
				CLANG_WARN_UNREACHABLE_CODE = YES;
				CLANG_WARN__DUPLICATE_METHOD_MATCH = YES;
				"CODE_SIGN_IDENTITY[sdk=iphoneos*]" = "iPhone Developer";
				COPY_PHASE_STRIP = NO;
				DEBUG_INFORMATION_FORMAT = "dwarf-with-dsym";
				ENABLE_NS_ASSERTIONS = NO;
				ENABLE_STRICT_OBJC_MSGSEND = YES;
				GCC_C_LANGUAGE_STANDARD = gnu99;
				GCC_NO_COMMON_BLOCKS = YES;
				GCC_WARN_64_TO_32_BIT_CONVERSION = YES;
				GCC_WARN_ABOUT_RETURN_TYPE = YES_ERROR;
				GCC_WARN_UNDECLARED_SELECTOR = YES;
				GCC_WARN_UNINITIALIZED_AUTOS = YES_AGGRESSIVE;
				GCC_WARN_UNUSED_FUNCTION = YES;
				GCC_WARN_UNUSED_VARIABLE = YES;
				IPHONEOS_DEPLOYMENT_TARGET = 8.3;
				MTL_ENABLE_DEBUG_INFO = NO;
				SDKROOT = iphoneos;
				VALIDATE_PRODUCT = YES;
			};
			name = Release;
		};
		084F7AE81B81C64B001529DA /* Debug */ = {
			isa = XCBuildConfiguration;
			buildSettings = {
				ASSETCATALOG_COMPILER_APPICON_NAME = AppIcon;
				INFOPLIST_FILE = LunchApp/Info.plist;
				LD_RUNPATH_SEARCH_PATHS = "$(inherited) @executable_path/Frameworks";
				PRODUCT_NAME = "$(TARGET_NAME)";
			};
			name = Debug;
		};
		084F7AE91B81C64B001529DA /* Release */ = {
			isa = XCBuildConfiguration;
			buildSettings = {
				ASSETCATALOG_COMPILER_APPICON_NAME = AppIcon;
				INFOPLIST_FILE = LunchApp/Info.plist;
				LD_RUNPATH_SEARCH_PATHS = "$(inherited) @executable_path/Frameworks";
				PRODUCT_NAME = "$(TARGET_NAME)";
			};
			name = Release;
		};
		084F7AEB1B81C64B001529DA /* Debug */ = {
			isa = XCBuildConfiguration;
			buildSettings = {
				BUNDLE_LOADER = "$(TEST_HOST)";
				FRAMEWORK_SEARCH_PATHS = (
					"$(SDKROOT)/Developer/Library/Frameworks",
					"$(inherited)",
				);
				GCC_PREPROCESSOR_DEFINITIONS = (
					"DEBUG=1",
					"$(inherited)",
				);
				INFOPLIST_FILE = LunchAppTests/Info.plist;
				LD_RUNPATH_SEARCH_PATHS = "$(inherited) @executable_path/Frameworks @loader_path/Frameworks";
				PRODUCT_NAME = "$(TARGET_NAME)";
				TEST_HOST = "$(BUILT_PRODUCTS_DIR)/LunchApp.app/LunchApp";
			};
			name = Debug;
		};
		084F7AEC1B81C64B001529DA /* Release */ = {
			isa = XCBuildConfiguration;
			buildSettings = {
				BUNDLE_LOADER = "$(TEST_HOST)";
				FRAMEWORK_SEARCH_PATHS = (
					"$(SDKROOT)/Developer/Library/Frameworks",
					"$(inherited)",
				);
				INFOPLIST_FILE = LunchAppTests/Info.plist;
				LD_RUNPATH_SEARCH_PATHS = "$(inherited) @executable_path/Frameworks @loader_path/Frameworks";
				PRODUCT_NAME = "$(TARGET_NAME)";
				TEST_HOST = "$(BUILT_PRODUCTS_DIR)/LunchApp.app/LunchApp";
			};
			name = Release;
		};
/* End XCBuildConfiguration section */

/* Begin XCConfigurationList section */
		084F7AC31B81C64B001529DA /* Build configuration list for PBXProject "LunchApp" */ = {
			isa = XCConfigurationList;
			buildConfigurations = (
				084F7AE51B81C64B001529DA /* Debug */,
				084F7AE61B81C64B001529DA /* Release */,
			);
			defaultConfigurationIsVisible = 0;
			defaultConfigurationName = Release;
		};
		084F7AE71B81C64B001529DA /* Build configuration list for PBXNativeTarget "LunchApp" */ = {
			isa = XCConfigurationList;
			buildConfigurations = (
				084F7AE81B81C64B001529DA /* Debug */,
				084F7AE91B81C64B001529DA /* Release */,
			);
			defaultConfigurationIsVisible = 0;
			defaultConfigurationName = Release;
		};
		084F7AEA1B81C64B001529DA /* Build configuration list for PBXNativeTarget "LunchAppTests" */ = {
			isa = XCConfigurationList;
			buildConfigurations = (
				084F7AEB1B81C64B001529DA /* Debug */,
				084F7AEC1B81C64B001529DA /* Release */,
			);
			defaultConfigurationIsVisible = 0;
			defaultConfigurationName = Release;
		};
/* End XCConfigurationList section */
	};
	rootObject = 084F7AC01B81C64B001529DA /* Project object */;
}
